// !$*UTF8*$!
{
	archiveVersion = 1;
	classes = {
	};
	objectVersion = 50;
	objects = {

/* Begin PBXBuildFile section */
		F5C3D4B4234C4174004C5302 /* AppDelegate.swift in Sources */ = {isa = PBXBuildFile; fileRef = F5C3D4B3234C4174004C5302 /* AppDelegate.swift */; };
		F5C3D4B6234C4174004C5302 /* SceneDelegate.swift in Sources */ = {isa = PBXBuildFile; fileRef = F5C3D4B5234C4174004C5302 /* SceneDelegate.swift */; };
		F5C3D4B8234C4174004C5302 /* ViewController.swift in Sources */ = {isa = PBXBuildFile; fileRef = F5C3D4B7234C4174004C5302 /* ViewController.swift */; };
		F5C3D4BB234C4174004C5302 /* Main.storyboard in Resources */ = {isa = PBXBuildFile; fileRef = F5C3D4B9234C4174004C5302 /* Main.storyboard */; };
		F5C3D4BD234C4175004C5302 /* Assets.xcassets in Resources */ = {isa = PBXBuildFile; fileRef = F5C3D4BC234C4175004C5302 /* Assets.xcassets */; };
		F5C3D4C0234C4175004C5302 /* LaunchScreen.storyboard in Resources */ = {isa = PBXBuildFile; fileRef = F5C3D4BE234C4175004C5302 /* LaunchScreen.storyboard */; };
/* End PBXBuildFile section */

/* Begin PBXFileReference section */
		F5C3D4B0234C4174004C5302 /* glo_training2.app */ = {isa = PBXFileReference; explicitFileType = wrapper.application; includeInIndex = 0; path = glo_training2.app; sourceTree = BUILT_PRODUCTS_DIR; };
		F5C3D4B3234C4174004C5302 /* AppDelegate.swift */ = {isa = PBXFileReference; lastKnownFileType = sourcecode.swift; path = AppDelegate.swift; sourceTree = "<group>"; };
		F5C3D4B5234C4174004C5302 /* SceneDelegate.swift */ = {isa = PBXFileReference; lastKnownFileType = sourcecode.swift; path = SceneDelegate.swift; sourceTree = "<group>"; };
		F5C3D4B7234C4174004C5302 /* ViewController.swift */ = {isa = PBXFileReference; lastKnownFileType = sourcecode.swift; path = ViewController.swift; sourceTree = "<group>"; };
		F5C3D4BA234C4174004C5302 /* Base */ = {isa = PBXFileReference; lastKnownFileType = file.storyboard; name = Base; path = Base.lproj/Main.storyboard; sourceTree = "<group>"; };
		F5C3D4BC234C4175004C5302 /* Assets.xcassets */ = {isa = PBXFileReference; lastKnownFileType = folder.assetcatalog; path = Assets.xcassets; sourceTree = "<group>"; };
		F5C3D4BF234C4175004C5302 /* Base */ = {isa = PBXFileReference; lastKnownFileType = file.storyboard; name = Base; path = Base.lproj/LaunchScreen.storyboard; sourceTree = "<group>"; };
		F5C3D4C1234C4175004C5302 /* Info.plist */ = {isa = PBXFileReference; lastKnownFileType = text.plist.xml; path = Info.plist; sourceTree = "<group>"; };
/* End PBXFileReference section */

/* Begin PBXFrameworksBuildPhase section */
		F5C3D4AD234C4174004C5302 /* Frameworks */ = {
			isa = PBXFrameworksBuildPhase;
			buildActionMask = 2147483647;
			files = (
			);
			runOnlyForDeploymentPostprocessing = 0;
		};
/* End PBXFrameworksBuildPhase section */

/* Begin PBXGroup section */
		F5C3D4A7234C4174004C5302 = {
			isa = PBXGroup;
			children = (
				F5C3D4B2234C4174004C5302 /* glo_training2 */,
				F5C3D4B1234C4174004C5302 /* Products */,
			);
			sourceTree = "<group>";
		};
		F5C3D4B1234C4174004C5302 /* Products */ = {
			isa = PBXGroup;
			children = (
				F5C3D4B0234C4174004C5302 /* glo_training2.app */,
			);
			name = Products;
			sourceTree = "<group>";
		};
		F5C3D4B2234C4174004C5302 /* glo_training2 */ = {
			isa = PBXGroup;
			children = (
				F5C3D4B3234C4174004C5302 /* AppDelegate.swift */,
				F5C3D4B5234C4174004C5302 /* SceneDelegate.swift */,
				F5C3D4B7234C4174004C5302 /* ViewController.swift */,
				F5C3D4B9234C4174004C5302 /* Main.storyboard */,
				F5C3D4BC234C4175004C5302 /* Assets.xcassets */,
				F5C3D4BE234C4175004C5302 /* LaunchScreen.storyboard */,
				F5C3D4C1234C4175004C5302 /* Info.plist */,
			);
			path = glo_training2;
			sourceTree = "<group>";
		};
/* End PBXGroup section */

/* Begin PBXNativeTarget section */
		F5C3D4AF234C4174004C5302 /* glo_training2 */ = {
			isa = PBXNativeTarget;
			buildConfigurationList = F5C3D4C4234C4175004C5302 /* Build configuration list for PBXNativeTarget "glo_training2" */;
			buildPhases = (
				F5C3D4AC234C4174004C5302 /* Sources */,
				F5C3D4AD234C4174004C5302 /* Frameworks */,
				F5C3D4AE234C4174004C5302 /* Resources */,
			);
			buildRules = (
			);
			dependencies = (
			);
			name = glo_training2;
			productName = glo_training2;
			productReference = F5C3D4B0234C4174004C5302 /* glo_training2.app */;
			productType = "com.apple.product-type.application";
		};
/* End PBXNativeTarget section */

/* Begin PBXProject section */
		F5C3D4A8234C4174004C5302 /* Project object */ = {
			isa = PBXProject;
			attributes = {
				LastSwiftUpdateCheck = 1100;
				LastUpgradeCheck = 1100;
				ORGANIZATIONNAME = GLO_macbookpro;
				TargetAttributes = {
					F5C3D4AF234C4174004C5302 = {
						CreatedOnToolsVersion = 11.0;
					};
				};
			};
			buildConfigurationList = F5C3D4AB234C4174004C5302 /* Build configuration list for PBXProject "glo_training2" */;
			compatibilityVersion = "Xcode 9.3";
			developmentRegion = en;
			hasScannedForEncodings = 0;
			knownRegions = (
				en,
				Base,
			);
			mainGroup = F5C3D4A7234C4174004C5302;
			productRefGroup = F5C3D4B1234C4174004C5302 /* Products */;
			projectDirPath = "";
			projectRoot = "";
			targets = (
				F5C3D4AF234C4174004C5302 /* glo_training2 */,
			);
		};
/* End PBXProject section */

/* Begin PBXResourcesBuildPhase section */
		F5C3D4AE234C4174004C5302 /* Resources */ = {
			isa = PBXResourcesBuildPhase;
			buildActionMask = 2147483647;
			files = (
				F5C3D4C0234C4175004C5302 /* LaunchScreen.storyboard in Resources */,
				F5C3D4BD234C4175004C5302 /* Assets.xcassets in Resources */,
				F5C3D4BB234C4174004C5302 /* Main.storyboard in Resources */,
			);
			runOnlyForDeploymentPostprocessing = 0;
		};
/* End PBXResourcesBuildPhase section */

/* Begin PBXSourcesBuildPhase section */
		F5C3D4AC234C4174004C5302 /* Sources */ = {
			isa = PBXSourcesBuildPhase;
			buildActionMask = 2147483647;
			files = (
				F5C3D4B8234C4174004C5302 /* ViewController.swift in Sources */,
				F5C3D4B4234C4174004C5302 /* AppDelegate.swift in Sources */,
				F5C3D4B6234C4174004C5302 /* SceneDelegate.swift in Sources */,
			);
			runOnlyForDeploymentPostprocessing = 0;
		};
/* End PBXSourcesBuildPhase section */

/* Begin PBXVariantGroup section */
		F5C3D4B9234C4174004C5302 /* Main.storyboard */ = {
			isa = PBXVariantGroup;
			children = (
				F5C3D4BA234C4174004C5302 /* Base */,
			);
			name = Main.storyboard;
			sourceTree = "<group>";
		};
		F5C3D4BE234C4175004C5302 /* LaunchScreen.storyboard */ = {
			isa = PBXVariantGroup;
			children = (
				F5C3D4BF234C4175004C5302 /* Base */,
			);
			name = LaunchScreen.storyboard;
			sourceTree = "<group>";
		};
/* End PBXVariantGroup section */

/* Begin XCBuildConfiguration section */
		F5C3D4C2234C4175004C5302 /* Debug */ = {
			isa = XCBuildConfiguration;
			buildSettings = {
				ALWAYS_SEARCH_USER_PATHS = NO;
				CLANG_ANALYZER_NONNULL = YES;
				CLANG_ANALYZER_NUMBER_OBJECT_CONVERSION = YES_AGGRESSIVE;
				CLANG_CXX_LANGUAGE_STANDARD = "gnu++14";
				CLANG_CXX_LIBRARY = "libc++";
				CLANG_ENABLE_MODULES = YES;
				CLANG_ENABLE_OBJC_ARC = YES;
				CLANG_ENABLE_OBJC_WEAK = YES;
				CLANG_WARN_BLOCK_CAPTURE_AUTORELEASING = YES;
				CLANG_WARN_BOOL_CONVERSION = YES;
				CLANG_WARN_COMMA = YES;
				CLANG_WARN_CONSTANT_CONVERSION = YES;
				CLANG_WARN_DEPRECATED_OBJC_IMPLEMENTATIONS = YES;
				CLANG_WARN_DIRECT_OBJC_ISA_USAGE = YES_ERROR;
				CLANG_WARN_DOCUMENTATION_COMMENTS = YES;
				CLANG_WARN_EMPTY_BODY = YES;
				CLANG_WARN_ENUM_CONVERSION = YES;
				CLANG_WARN_INFINITE_RECURSION = YES;
				CLANG_WARN_INT_CONVERSION = YES;
				CLANG_WARN_NON_LITERAL_NULL_CONVERSION = YES;
				CLANG_WARN_OBJC_IMPLICIT_RETAIN_SELF = YES;
				CLANG_WARN_OBJC_LITERAL_CONVERSION = YES;
				CLANG_WARN_OBJC_ROOT_CLASS = YES_ERROR;
				CLANG_WARN_RANGE_LOOP_ANALYSIS = YES;
				CLANG_WARN_STRICT_PROTOTYPES = YES;
				CLANG_WARN_SUSPICIOUS_MOVE = YES;
				CLANG_WARN_UNGUARDED_AVAILABILITY = YES_AGGRESSIVE;
				CLANG_WARN_UNREACHABLE_CODE = YES;
				CLANG_WARN__DUPLICATE_METHOD_MATCH = YES;
				COPY_PHASE_STRIP = NO;
				DEBUG_INFORMATION_FORMAT = dwarf;
				ENABLE_STRICT_OBJC_MSGSEND = YES;
				ENABLE_TESTABILITY = YES;
				GCC_C_LANGUAGE_STANDARD = gnu11;
				GCC_DYNAMIC_NO_PIC = NO;
				GCC_NO_COMMON_BLOCKS = YES;
				GCC_OPTIMIZATION_LEVEL = 0;
				GCC_PREPROCESSOR_DEFINITIONS = (
					"DEBUG=1",
					"$(inherited)",
				);
				GCC_WARN_64_TO_32_BIT_CONVERSION = YES;
				GCC_WARN_ABOUT_RETURN_TYPE = YES_ERROR;
				GCC_WARN_UNDECLARED_SELECTOR = YES;
				GCC_WARN_UNINITIALIZED_AUTOS = YES_AGGRESSIVE;
				GCC_WARN_UNUSED_FUNCTION = YES;
				GCC_WARN_UNUSED_VARIABLE = YES;
				IPHONEOS_DEPLOYMENT_TARGET = 13.0;
				MTL_ENABLE_DEBUG_INFO = INCLUDE_SOURCE;
				MTL_FAST_MATH = YES;
				ONLY_ACTIVE_ARCH = YES;
				SDKROOT = iphoneos;
				SWIFT_ACTIVE_COMPILATION_CONDITIONS = DEBUG;
				SWIFT_OPTIMIZATION_LEVEL = "-Onone";
			};
			name = Debug;
		};
		F5C3D4C3234C4175004C5302 /* Release */ = {
			isa = XCBuildConfiguration;
			buildSettings = {
				ALWAYS_SEARCH_USER_PATHS = NO;
				CLANG_ANALYZER_NONNULL = YES;
				CLANG_ANALYZER_NUMBER_OBJECT_CONVERSION = YES_AGGRESSIVE;
				CLANG_CXX_LANGUAGE_STANDARD = "gnu++14";
				CLANG_CXX_LIBRARY = "libc++";
				CLANG_ENABLE_MODULES = YES;
				CLANG_ENABLE_OBJC_ARC = YES;
				CLANG_ENABLE_OBJC_WEAK = YES;
				CLANG_WARN_BLOCK_CAPTURE_AUTORELEASING = YES;
				CLANG_WARN_BOOL_CONVERSION = YES;
				CLANG_WARN_COMMA = YES;
				CLANG_WARN_CONSTANT_CONVERSION = YES;
				CLANG_WARN_DEPRECATED_OBJC_IMPLEMENTATIONS = YES;
				CLANG_WARN_DIRECT_OBJC_ISA_USAGE = YES_ERROR;
				CLANG_WARN_DOCUMENTATION_COMMENTS = YES;
				CLANG_WARN_EMPTY_BODY = YES;
				CLANG_WARN_ENUM_CONVERSION = YES;
				CLANG_WARN_INFINITE_RECURSION = YES;
				CLANG_WARN_INT_CONVERSION = YES;
				CLANG_WARN_NON_LITERAL_NULL_CONVERSION = YES;
				CLANG_WARN_OBJC_IMPLICIT_RETAIN_SELF = YES;
				CLANG_WARN_OBJC_LITERAL_CONVERSION = YES;
				CLANG_WARN_OBJC_ROOT_CLASS = YES_ERROR;
				CLANG_WARN_RANGE_LOOP_ANALYSIS = YES;
				CLANG_WARN_STRICT_PROTOTYPES = YES;
				CLANG_WARN_SUSPICIOUS_MOVE = YES;
				CLANG_WARN_UNGUARDED_AVAILABILITY = YES_AGGRESSIVE;
				CLANG_WARN_UNREACHABLE_CODE = YES;
				CLANG_WARN__DUPLICATE_METHOD_MATCH = YES;
				COPY_PHASE_STRIP = NO;
				DEBUG_INFORMATION_FORMAT = "dwarf-with-dsym";
				ENABLE_NS_ASSERTIONS = NO;
				ENABLE_STRICT_OBJC_MSGSEND = YES;
				GCC_C_LANGUAGE_STANDARD = gnu11;
				GCC_NO_COMMON_BLOCKS = YES;
				GCC_WARN_64_TO_32_BIT_CONVERSION = YES;
				GCC_WARN_ABOUT_RETURN_TYPE = YES_ERROR;
				GCC_WARN_UNDECLARED_SELECTOR = YES;
				GCC_WARN_UNINITIALIZED_AUTOS = YES_AGGRESSIVE;
				GCC_WARN_UNUSED_FUNCTION = YES;
				GCC_WARN_UNUSED_VARIABLE = YES;
				IPHONEOS_DEPLOYMENT_TARGET = 13.0;
				MTL_ENABLE_DEBUG_INFO = NO;
				MTL_FAST_MATH = YES;
				SDKROOT = iphoneos;
				SWIFT_COMPILATION_MODE = wholemodule;
				SWIFT_OPTIMIZATION_LEVEL = "-O";
				VALIDATE_PRODUCT = YES;
			};
			name = Release;
		};
		F5C3D4C5234C4175004C5302 /* Debug */ = {
			isa = XCBuildConfiguration;
			buildSettings = {
				ASSETCATALOG_COMPILER_APPICON_NAME = AppIcon;
				CODE_SIGN_STYLE = Automatic;
				INFOPLIST_FILE = glo_training2/Info.plist;
				LD_RUNPATH_SEARCH_PATHS = (
					"$(inherited)",
					"@executable_path/Frameworks",
				);
				PRODUCT_BUNDLE_IDENTIFIER = "com.glo.glo-training2";
				PRODUCT_NAME = "$(TARGET_NAME)";
				SWIFT_VERSION = 5.0;
				TARGETED_DEVICE_FAMILY = "1,2";
			};
			name = Debug;
		};
		F5C3D4C6234C4175004C5302 /* Release */ = {
			isa = XCBuildConfiguration;
			buildSettings = {
				ASSETCATALOG_COMPILER_APPICON_NAME = AppIcon;
				CODE_SIGN_STYLE = Automatic;
				INFOPLIST_FILE = glo_training2/Info.plist;
				LD_RUNPATH_SEARCH_PATHS = (
					"$(inherited)",
					"@executable_path/Frameworks",
				);
				PRODUCT_BUNDLE_IDENTIFIER = "com.glo.glo-training2";
				PRODUCT_NAME = "$(TARGET_NAME)";
				SWIFT_VERSION = 5.0;
				TARGETED_DEVICE_FAMILY = "1,2";
			};
			name = Release;
		};
/* End XCBuildConfiguration section */

/* Begin XCConfigurationList section */
		F5C3D4AB234C4174004C5302 /* Build configuration list for PBXProject "glo_training2" */ = {
			isa = XCConfigurationList;
			buildConfigurations = (
				F5C3D4C2234C4175004C5302 /* Debug */,
				F5C3D4C3234C4175004C5302 /* Release */,
			);
			defaultConfigurationIsVisible = 0;
			defaultConfigurationName = Release;
		};
		F5C3D4C4234C4175004C5302 /* Build configuration list for PBXNativeTarget "glo_training2" */ = {
			isa = XCConfigurationList;
			buildConfigurations = (
				F5C3D4C5234C4175004C5302 /* Debug */,
				F5C3D4C6234C4175004C5302 /* Release */,
			);
			defaultConfigurationIsVisible = 0;
			defaultConfigurationName = Release;
		};
/* End XCConfigurationList section */
	};
	rootObject = F5C3D4A8234C4174004C5302 /* Project object */;
}
